
Microsoft Visual Studio Solution File, Format Version 12.00
# Visual Studio Version 17
VisualStudioVersion = 17.14.36203.30
MinimumVisualStudioVersion = 10.0.40219.1
Project("{FAE04EC0-301F-11D3-BF4B-00C04F79EFBC}") = "prac", "prac\prac.csproj", "{9400A44E-61E2-4583-9127-8F699208BD31}"
EndProject
Project("{FAE04EC0-301F-11D3-BF4B-00C04F79EFBC}") = "CollectionExample", "CollectionExample\CollectionExample.csproj", "{7F273169-3457-4B84-978E-BE3629FB1962}"
EndProject
Project("{FAE04EC0-301F-11D3-BF4B-00C04F79EFBC}") = "ExceptionHandling", "ExceptionHandling\ExceptionHandling.csproj", "{242F045C-85FA-4803-B8B5-70512C238E2B}"
EndProject
Global
	GlobalSection(SolutionConfigurationPlatforms) = preSolution
		Debug|Any CPU = Debug|Any CPU
		Release|Any CPU = Release|Any CPU
	EndGlobalSection
	GlobalSection(ProjectConfigurationPlatforms) = postSolution
		{9400A44E-61E2-4583-9127-8F699208BD31}.Debug|Any CPU.ActiveCfg = Debug|Any CPU
		{9400A44E-61E2-4583-9127-8F699208BD31}.Debug|Any CPU.Build.0 = Debug|Any CPU
		{9400A44E-61E2-4583-9127-8F699208BD31}.Release|Any CPU.ActiveCfg = Release|Any CPU
		{9400A44E-61E2-4583-9127-8F699208BD31}.Release|Any CPU.Build.0 = Release|Any CPU
		{7F273169-3457-4B84-978E-BE3629FB1962}.Debug|Any CPU.ActiveCfg = Debug|Any CPU
		{7F273169-3457-4B84-978E-BE3629FB1962}.Debug|Any CPU.Build.0 = Debug|Any CPU
		{7F273169-3457-4B84-978E-BE3629FB1962}.Release|Any CPU.ActiveCfg = Release|Any CPU
		{7F273169-3457-4B84-978E-BE3629FB1962}.Release|Any CPU.Build.0 = Release|Any CPU
		{242F045C-85FA-4803-B8B5-70512C238E2B}.Debug|Any CPU.ActiveCfg = Debug|Any CPU
		{242F045C-85FA-4803-B8B5-70512C238E2B}.Debug|Any CPU.Build.0 = Debug|Any CPU
		{242F045C-85FA-4803-B8B5-70512C238E2B}.Release|Any CPU.ActiveCfg = Release|Any CPU
		{242F045C-85FA-4803-B8B5-70512C238E2B}.Release|Any CPU.Build.0 = Release|Any CPU
	EndGlobalSection
	GlobalSection(SolutionProperties) = preSolution
		HideSolutionNode = FALSE
	EndGlobalSection
	GlobalSection(ExtensibilityGlobals) = postSolution
		SolutionGuid = {451F6438-9C13-4230-80C2-A60697D7FE23}
	EndGlobalSection
EndGlobal
